
Microsoft Visual Studio Solution File, Format Version 12.00
# Visual Studio Version 16
VisualStudioVersion = 16.0.30225.117
MinimumVisualStudioVersion = 10.0.40219.1
Project("{8BC9CEB8-8B4A-11D0-8D11-00A0C91BC942}") = "JaxCore", "JaxCore\JaxCore.vcxproj", "{FCC12EF9-9452-48CC-A93D-7AD46A5DEA4F}"
EndProject
Project("{2150E333-8FDC-42A3-9474-1A3956D46DE8}") = "Demo", "Demo", "{1E488506-2B16-4495-857D-D0B090E99B7A}"
EndProject
Project("{8BC9CEB8-8B4A-11D0-8D11-00A0C91BC942}") = "Test1", "Demo\Test1\Test1.vcxproj", "{E6EA1FDB-E42E-4275-9DB8-D20289882D75}"
	ProjectSection(ProjectDependencies) = postProject
		{86AF698D-0A7C-40D4-B012-15F7C6DD67E5} = {86AF698D-0A7C-40D4-B012-15F7C6DD67E5}
		{FCC12EF9-9452-48CC-A93D-7AD46A5DEA4F} = {FCC12EF9-9452-48CC-A93D-7AD46A5DEA4F}
	EndProjectSection
EndProject
Project("{8BC9CEB8-8B4A-11D0-8D11-00A0C91BC942}") = "JaxDataStruct", "JaxDataStruct\JaxDataStruct.vcxproj", "{86AF698D-0A7C-40D4-B012-15F7C6DD67E5}"
	ProjectSection(ProjectDependencies) = postProject
		{BBEF18C1-2862-4AAE-B8C1-B17FD0E7D1C9} = {BBEF18C1-2862-4AAE-B8C1-B17FD0E7D1C9}
		{FCC12EF9-9452-48CC-A93D-7AD46A5DEA4F} = {FCC12EF9-9452-48CC-A93D-7AD46A5DEA4F}
	EndProjectSection
EndProject
Project("{8BC9CEB8-8B4A-11D0-8D11-00A0C91BC942}") = "Test2", "Demo\Test2\Test2.vcxproj", "{21F64D1C-92A5-4114-8970-C34F7ED679B4}"
	ProjectSection(ProjectDependencies) = postProject
		{86AF698D-0A7C-40D4-B012-15F7C6DD67E5} = {86AF698D-0A7C-40D4-B012-15F7C6DD67E5}
		{E57EBEB4-9804-4293-8136-E55BD116D64B} = {E57EBEB4-9804-4293-8136-E55BD116D64B}
		{BBEF18C1-2862-4AAE-B8C1-B17FD0E7D1C9} = {BBEF18C1-2862-4AAE-B8C1-B17FD0E7D1C9}
	EndProjectSection
EndProject
Project("{8BC9CEB8-8B4A-11D0-8D11-00A0C91BC942}") = "JaxMath", "JaxMath\JaxMath.vcxproj", "{BBEF18C1-2862-4AAE-B8C1-B17FD0E7D1C9}"
	ProjectSection(ProjectDependencies) = postProject
		{FCC12EF9-9452-48CC-A93D-7AD46A5DEA4F} = {FCC12EF9-9452-48CC-A93D-7AD46A5DEA4F}
	EndProjectSection
EndProject
Project("{8BC9CEB8-8B4A-11D0-8D11-00A0C91BC942}") = "JaxApplication", "JaxApplication\JaxApplication.vcxproj", "{0DE18BA6-46DB-420D-8E77-5C6C326C1EB5}"
EndProject
Project("{8BC9CEB8-8B4A-11D0-8D11-00A0C91BC942}") = "ApplicationTest", "Demo\ApplicationTest\ApplicationTest.vcxproj", "{A453DCDB-6355-485E-8AA8-5C3C3E8F7612}"
	ProjectSection(ProjectDependencies) = postProject
		{0DE18BA6-46DB-420D-8E77-5C6C326C1EB5} = {0DE18BA6-46DB-420D-8E77-5C6C326C1EB5}
		{E57EBEB4-9804-4293-8136-E55BD116D64B} = {E57EBEB4-9804-4293-8136-E55BD116D64B}
		{75E3B2DF-BA30-48D5-97BC-160111C75A64} = {75E3B2DF-BA30-48D5-97BC-160111C75A64}
	EndProjectSection
EndProject
Project("{8BC9CEB8-8B4A-11D0-8D11-00A0C91BC942}") = "JaxGraphics", "JaxGraphics\JaxGraphics.vcxproj", "{E57EBEB4-9804-4293-8136-E55BD116D64B}"
	ProjectSection(ProjectDependencies) = postProject
		{86AF698D-0A7C-40D4-B012-15F7C6DD67E5} = {86AF698D-0A7C-40D4-B012-15F7C6DD67E5}
		{BBEF18C1-2862-4AAE-B8C1-B17FD0E7D1C9} = {BBEF18C1-2862-4AAE-B8C1-B17FD0E7D1C9}
		{FCC12EF9-9452-48CC-A93D-7AD46A5DEA4F} = {FCC12EF9-9452-48CC-A93D-7AD46A5DEA4F}
	EndProjectSection
EndProject
Project("{8BC9CEB8-8B4A-11D0-8D11-00A0C91BC942}") = "DataStructTest", "Demo\DataStructTest\DataStructTest.vcxproj", "{9637A18F-B685-4A1E-B358-E940C11DED8F}"
EndProject
Project("{8BC9CEB8-8B4A-11D0-8D11-00A0C91BC942}") = "AppTest", "Demo\AppTest\AppTest.vcxproj", "{BACD0A99-08AE-4903-BD0D-F3F2BA72242F}"
EndProject
Project("{8BC9CEB8-8B4A-11D0-8D11-00A0C91BC942}") = "JaxInput", "JaxInput\JaxInput.vcxproj", "{75E3B2DF-BA30-48D5-97BC-160111C75A64}"
EndProject
Project("{8BC9CEB8-8B4A-11D0-8D11-00A0C91BC942}") = "DX11Renderer", "DX11Renderer\DX11Renderer.vcxproj", "{3D20C1EB-E0B1-46A7-B201-1C95874ADA6C}"
	ProjectSection(ProjectDependencies) = postProject
		{E57EBEB4-9804-4293-8136-E55BD116D64B} = {E57EBEB4-9804-4293-8136-E55BD116D64B}
	EndProjectSection
EndProject
Global
	GlobalSection(SolutionConfigurationPlatforms) = preSolution
		Debug|x64 = Debug|x64
		Debug|x86 = Debug|x86
		Release|x64 = Release|x64
		Release|x86 = Release|x86
	EndGlobalSection
	GlobalSection(ProjectConfigurationPlatforms) = postSolution
		{FCC12EF9-9452-48CC-A93D-7AD46A5DEA4F}.Debug|x64.ActiveCfg = Debug|x64
		{FCC12EF9-9452-48CC-A93D-7AD46A5DEA4F}.Debug|x64.Build.0 = Debug|x64
		{FCC12EF9-9452-48CC-A93D-7AD46A5DEA4F}.Debug|x86.ActiveCfg = Debug|Win32
		{FCC12EF9-9452-48CC-A93D-7AD46A5DEA4F}.Debug|x86.Build.0 = Debug|Win32
		{FCC12EF9-9452-48CC-A93D-7AD46A5DEA4F}.Release|x64.ActiveCfg = Release|x64
		{FCC12EF9-9452-48CC-A93D-7AD46A5DEA4F}.Release|x64.Build.0 = Release|x64
		{FCC12EF9-9452-48CC-A93D-7AD46A5DEA4F}.Release|x86.ActiveCfg = Release|Win32
		{FCC12EF9-9452-48CC-A93D-7AD46A5DEA4F}.Release|x86.Build.0 = Release|Win32
		{E6EA1FDB-E42E-4275-9DB8-D20289882D75}.Debug|x64.ActiveCfg = Debug|x64
		{E6EA1FDB-E42E-4275-9DB8-D20289882D75}.Debug|x64.Build.0 = Debug|x64
		{E6EA1FDB-E42E-4275-9DB8-D20289882D75}.Debug|x86.ActiveCfg = Debug|Win32
		{E6EA1FDB-E42E-4275-9DB8-D20289882D75}.Debug|x86.Build.0 = Debug|Win32
		{E6EA1FDB-E42E-4275-9DB8-D20289882D75}.Release|x64.ActiveCfg = Release|x64
		{E6EA1FDB-E42E-4275-9DB8-D20289882D75}.Release|x64.Build.0 = Release|x64
		{E6EA1FDB-E42E-4275-9DB8-D20289882D75}.Release|x86.ActiveCfg = Release|Win32
		{E6EA1FDB-E42E-4275-9DB8-D20289882D75}.Release|x86.Build.0 = Release|Win32
		{86AF698D-0A7C-40D4-B012-15F7C6DD67E5}.Debug|x64.ActiveCfg = Debug|x64
		{86AF698D-0A7C-40D4-B012-15F7C6DD67E5}.Debug|x64.Build.0 = Debug|x64
		{86AF698D-0A7C-40D4-B012-15F7C6DD67E5}.Debug|x86.ActiveCfg = Debug|Win32
		{86AF698D-0A7C-40D4-B012-15F7C6DD67E5}.Debug|x86.Build.0 = Debug|Win32
		{86AF698D-0A7C-40D4-B012-15F7C6DD67E5}.Release|x64.ActiveCfg = Release|x64
		{86AF698D-0A7C-40D4-B012-15F7C6DD67E5}.Release|x64.Build.0 = Release|x64
		{86AF698D-0A7C-40D4-B012-15F7C6DD67E5}.Release|x86.ActiveCfg = Release|Win32
		{86AF698D-0A7C-40D4-B012-15F7C6DD67E5}.Release|x86.Build.0 = Release|Win32
		{21F64D1C-92A5-4114-8970-C34F7ED679B4}.Debug|x64.ActiveCfg = Debug|x64
		{21F64D1C-92A5-4114-8970-C34F7ED679B4}.Debug|x64.Build.0 = Debug|x64
		{21F64D1C-92A5-4114-8970-C34F7ED679B4}.Debug|x86.ActiveCfg = Debug|Win32
		{21F64D1C-92A5-4114-8970-C34F7ED679B4}.Debug|x86.Build.0 = Debug|Win32
		{21F64D1C-92A5-4114-8970-C34F7ED679B4}.Release|x64.ActiveCfg = Release|x64
		{21F64D1C-92A5-4114-8970-C34F7ED679B4}.Release|x64.Build.0 = Release|x64
		{21F64D1C-92A5-4114-8970-C34F7ED679B4}.Release|x86.ActiveCfg = Release|Win32
		{21F64D1C-92A5-4114-8970-C34F7ED679B4}.Release|x86.Build.0 = Release|Win32
		{BBEF18C1-2862-4AAE-B8C1-B17FD0E7D1C9}.Debug|x64.ActiveCfg = Debug|x64
		{BBEF18C1-2862-4AAE-B8C1-B17FD0E7D1C9}.Debug|x64.Build.0 = Debug|x64
		{BBEF18C1-2862-4AAE-B8C1-B17FD0E7D1C9}.Debug|x86.ActiveCfg = Debug|Win32
		{BBEF18C1-2862-4AAE-B8C1-B17FD0E7D1C9}.Debug|x86.Build.0 = Debug|Win32
		{BBEF18C1-2862-4AAE-B8C1-B17FD0E7D1C9}.Release|x64.ActiveCfg = Release|x64
		{BBEF18C1-2862-4AAE-B8C1-B17FD0E7D1C9}.Release|x64.Build.0 = Release|x64
		{BBEF18C1-2862-4AAE-B8C1-B17FD0E7D1C9}.Release|x86.ActiveCfg = Release|Win32
		{BBEF18C1-2862-4AAE-B8C1-B17FD0E7D1C9}.Release|x86.Build.0 = Release|Win32
		{0DE18BA6-46DB-420D-8E77-5C6C326C1EB5}.Debug|x64.ActiveCfg = Debug|x64
		{0DE18BA6-46DB-420D-8E77-5C6C326C1EB5}.Debug|x64.Build.0 = Debug|x64
		{0DE18BA6-46DB-420D-8E77-5C6C326C1EB5}.Debug|x86.ActiveCfg = Debug|Win32
		{0DE18BA6-46DB-420D-8E77-5C6C326C1EB5}.Debug|x86.Build.0 = Debug|Win32
		{0DE18BA6-46DB-420D-8E77-5C6C326C1EB5}.Release|x64.ActiveCfg = Release|x64
		{0DE18BA6-46DB-420D-8E77-5C6C326C1EB5}.Release|x64.Build.0 = Release|x64
		{0DE18BA6-46DB-420D-8E77-5C6C326C1EB5}.Release|x86.ActiveCfg = Release|Win32
		{0DE18BA6-46DB-420D-8E77-5C6C326C1EB5}.Release|x86.Build.0 = Release|Win32
		{A453DCDB-6355-485E-8AA8-5C3C3E8F7612}.Debug|x64.ActiveCfg = Debug|x64
		{A453DCDB-6355-485E-8AA8-5C3C3E8F7612}.Debug|x64.Build.0 = Debug|x64
		{A453DCDB-6355-485E-8AA8-5C3C3E8F7612}.Debug|x86.ActiveCfg = Debug|Win32
		{A453DCDB-6355-485E-8AA8-5C3C3E8F7612}.Debug|x86.Build.0 = Debug|Win32
		{A453DCDB-6355-485E-8AA8-5C3C3E8F7612}.Release|x64.ActiveCfg = Release|x64
		{A453DCDB-6355-485E-8AA8-5C3C3E8F7612}.Release|x64.Build.0 = Release|x64
		{A453DCDB-6355-485E-8AA8-5C3C3E8F7612}.Release|x86.ActiveCfg = Release|Win32
		{A453DCDB-6355-485E-8AA8-5C3C3E8F7612}.Release|x86.Build.0 = Release|Win32
		{E57EBEB4-9804-4293-8136-E55BD116D64B}.Debug|x64.ActiveCfg = Debug|x64
		{E57EBEB4-9804-4293-8136-E55BD116D64B}.Debug|x64.Build.0 = Debug|x64
		{E57EBEB4-9804-4293-8136-E55BD116D64B}.Debug|x86.ActiveCfg = Debug|Win32
		{E57EBEB4-9804-4293-8136-E55BD116D64B}.Debug|x86.Build.0 = Debug|Win32
		{E57EBEB4-9804-4293-8136-E55BD116D64B}.Release|x64.ActiveCfg = Release|x64
		{E57EBEB4-9804-4293-8136-E55BD116D64B}.Release|x64.Build.0 = Release|x64
		{E57EBEB4-9804-4293-8136-E55BD116D64B}.Release|x86.ActiveCfg = Release|Win32
		{E57EBEB4-9804-4293-8136-E55BD116D64B}.Release|x86.Build.0 = Release|Win32
		{9637A18F-B685-4A1E-B358-E940C11DED8F}.Debug|x64.ActiveCfg = Debug|x64
		{9637A18F-B685-4A1E-B358-E940C11DED8F}.Debug|x64.Build.0 = Debug|x64
		{9637A18F-B685-4A1E-B358-E940C11DED8F}.Debug|x86.ActiveCfg = Debug|Win32
		{9637A18F-B685-4A1E-B358-E940C11DED8F}.Debug|x86.Build.0 = Debug|Win32
		{9637A18F-B685-4A1E-B358-E940C11DED8F}.Release|x64.ActiveCfg = Release|x64
		{9637A18F-B685-4A1E-B358-E940C11DED8F}.Release|x64.Build.0 = Release|x64
		{9637A18F-B685-4A1E-B358-E940C11DED8F}.Release|x86.ActiveCfg = Release|Win32
		{9637A18F-B685-4A1E-B358-E940C11DED8F}.Release|x86.Build.0 = Release|Win32
		{BACD0A99-08AE-4903-BD0D-F3F2BA72242F}.Debug|x64.ActiveCfg = Debug|x64
		{BACD0A99-08AE-4903-BD0D-F3F2BA72242F}.Debug|x64.Build.0 = Debug|x64
		{BACD0A99-08AE-4903-BD0D-F3F2BA72242F}.Debug|x86.ActiveCfg = Debug|Win32
		{BACD0A99-08AE-4903-BD0D-F3F2BA72242F}.Debug|x86.Build.0 = Debug|Win32
		{BACD0A99-08AE-4903-BD0D-F3F2BA72242F}.Release|x64.ActiveCfg = Release|x64
		{BACD0A99-08AE-4903-BD0D-F3F2BA72242F}.Release|x64.Build.0 = Release|x64
		{BACD0A99-08AE-4903-BD0D-F3F2BA72242F}.Release|x86.ActiveCfg = Release|Win32
		{BACD0A99-08AE-4903-BD0D-F3F2BA72242F}.Release|x86.Build.0 = Release|Win32
		{75E3B2DF-BA30-48D5-97BC-160111C75A64}.Debug|x64.ActiveCfg = Debug|x64
		{75E3B2DF-BA30-48D5-97BC-160111C75A64}.Debug|x64.Build.0 = Debug|x64
		{75E3B2DF-BA30-48D5-97BC-160111C75A64}.Debug|x86.ActiveCfg = Debug|Win32
		{75E3B2DF-BA30-48D5-97BC-160111C75A64}.Debug|x86.Build.0 = Debug|Win32
		{75E3B2DF-BA30-48D5-97BC-160111C75A64}.Release|x64.ActiveCfg = Release|x64
		{75E3B2DF-BA30-48D5-97BC-160111C75A64}.Release|x64.Build.0 = Release|x64
		{75E3B2DF-BA30-48D5-97BC-160111C75A64}.Release|x86.ActiveCfg = Release|Win32
		{75E3B2DF-BA30-48D5-97BC-160111C75A64}.Release|x86.Build.0 = Release|Win32
		{3D20C1EB-E0B1-46A7-B201-1C95874ADA6C}.Debug|x64.ActiveCfg = Debug|x64
		{3D20C1EB-E0B1-46A7-B201-1C95874ADA6C}.Debug|x64.Build.0 = Debug|x64
		{3D20C1EB-E0B1-46A7-B201-1C95874ADA6C}.Debug|x86.ActiveCfg = Debug|Win32
		{3D20C1EB-E0B1-46A7-B201-1C95874ADA6C}.Debug|x86.Build.0 = Debug|Win32
		{3D20C1EB-E0B1-46A7-B201-1C95874ADA6C}.Release|x64.ActiveCfg = Release|x64
		{3D20C1EB-E0B1-46A7-B201-1C95874ADA6C}.Release|x64.Build.0 = Release|x64
		{3D20C1EB-E0B1-46A7-B201-1C95874ADA6C}.Release|x86.ActiveCfg = Release|Win32
		{3D20C1EB-E0B1-46A7-B201-1C95874ADA6C}.Release|x86.Build.0 = Release|Win32
	EndGlobalSection
	GlobalSection(SolutionProperties) = preSolution
		HideSolutionNode = FALSE
	EndGlobalSection
	GlobalSection(NestedProjects) = preSolution
		{E6EA1FDB-E42E-4275-9DB8-D20289882D75} = {1E488506-2B16-4495-857D-D0B090E99B7A}
		{21F64D1C-92A5-4114-8970-C34F7ED679B4} = {1E488506-2B16-4495-857D-D0B090E99B7A}
		{A453DCDB-6355-485E-8AA8-5C3C3E8F7612} = {1E488506-2B16-4495-857D-D0B090E99B7A}
		{9637A18F-B685-4A1E-B358-E940C11DED8F} = {1E488506-2B16-4495-857D-D0B090E99B7A}
		{BACD0A99-08AE-4903-BD0D-F3F2BA72242F} = {1E488506-2B16-4495-857D-D0B090E99B7A}
	EndGlobalSection
	GlobalSection(ExtensibilityGlobals) = postSolution
		SolutionGuid = {5C953F18-C438-4366-9194-0DE641A27B0A}
	EndGlobalSection
EndGlobal
