<?xml version="1.0" encoding="utf-8"?>
<Project ToolsVersion="4.0" xmlns="http://schemas.microsoft.com/developer/msbuild/2003">
  <ItemGroup>
    <Filter Include="Core">
      <UniqueIdentifier>{9198d8e4-6b23-4712-ad1c-2d407eef30c4}</UniqueIdentifier>
    </Filter>
    <Filter Include="Core\Stream">
      <UniqueIdentifier>{f93f7418-1f9e-44c8-bcf5-fa055d9d33c0}</UniqueIdentifier>
    </Filter>
    <Filter Include="Render">
      <UniqueIdentifier>{83064ffc-c811-4001-a1da-8bdfb5b61f4b}</UniqueIdentifier>
    </Filter>
    <Filter Include="Render\RenderState">
      <UniqueIdentifier>{616c0a93-1fe7-4761-bb3e-3b0d7649216a}</UniqueIdentifier>
    </Filter>
    <Filter Include="Render\RenderTarget">
      <UniqueIdentifier>{2b3daf29-a494-4bf4-b695-7ef7226a1852}</UniqueIdentifier>
    </Filter>
    <Filter Include="Render\Texture">
      <UniqueIdentifier>{04493f46-e9d1-43e6-9887-90afccbc15ad}</UniqueIdentifier>
    </Filter>
    <Filter Include="Render\Material">
      <UniqueIdentifier>{baf0a1ba-e6f5-4cc1-8a96-ad3f9c5cf4de}</UniqueIdentifier>
    </Filter>
    <Filter Include="Render\Material\Shader">
      <UniqueIdentifier>{c951e367-a3d6-4a2a-a9ce-e2e6fa51a658}</UniqueIdentifier>
    </Filter>
    <Filter Include="Render\Vertex">
      <UniqueIdentifier>{c06ec014-f0ff-47ed-bd0c-b26577bf6aae}</UniqueIdentifier>
    </Filter>
    <Filter Include="Node">
      <UniqueIdentifier>{11468e06-f2f1-4293-9723-4d8fa4c3eed7}</UniqueIdentifier>
    </Filter>
    <Filter Include="Node\Component">
      <UniqueIdentifier>{a945813a-4ef5-41c9-855c-9b88b2031f40}</UniqueIdentifier>
    </Filter>
    <Filter Include="Render\SceneManager">
      <UniqueIdentifier>{3b9e6ae0-3e75-4e7f-9f45-055160b10408}</UniqueIdentifier>
    </Filter>
    <Filter Include="Node\mesh">
      <UniqueIdentifier>{6c276450-a785-4192-9557-f6e29b7c7603}</UniqueIdentifier>
    </Filter>
  </ItemGroup>
  <ItemGroup>
    <ClInclude Include="JaxReference.h">
      <Filter>Core</Filter>
    </ClInclude>
    <ClInclude Include="JaxGraphic.h">
      <Filter>Core</Filter>
    </ClInclude>
    <ClInclude Include="JaxPointer.h">
      <Filter>Core</Filter>
    </ClInclude>
    <ClInclude Include="JaxRtti.h">
      <Filter>Core</Filter>
    </ClInclude>
    <ClInclude Include="JaxObject.h">
      <Filter>Core</Filter>
    </ClInclude>
    <ClInclude Include="JaxPriority.h">
      <Filter>Core</Filter>
    </ClInclude>
    <ClInclude Include="JaxProperty.h">
      <Filter>Core\Stream</Filter>
    </ClInclude>
    <ClInclude Include="JaxName.h">
      <Filter>Core</Filter>
    </ClInclude>
    <ClInclude Include="JaxResouceManager.h">
      <Filter>Core</Filter>
    </ClInclude>
    <ClInclude Include="JaxStream.h">
      <Filter>Core\Stream</Filter>
    </ClInclude>
    <ClInclude Include="JaxType.h">
      <Filter>Core</Filter>
    </ClInclude>
    <ClInclude Include="JaxCustomArchiveObject.h">
      <Filter>Core\Stream</Filter>
    </ClInclude>
    <ClInclude Include="JaxMain.h">
      <Filter>Core</Filter>
    </ClInclude>
    <ClInclude Include="JaxRenderer.h">
      <Filter>Render</Filter>
    </ClInclude>
    <ClInclude Include="JaxRenderState.h">
      <Filter>Render</Filter>
    </ClInclude>
    <ClInclude Include="JaxBind.h">
      <Filter>Render</Filter>
    </ClInclude>
    <ClInclude Include="JaxBlendState.h">
      <Filter>Render\RenderState</Filter>
    </ClInclude>
    <ClInclude Include="JaxRasterizeState.h">
      <Filter>Render\RenderState</Filter>
    </ClInclude>
    <ClInclude Include="JaxDepthStencilState.h">
      <Filter>Render\RenderState</Filter>
    </ClInclude>
    <ClInclude Include="JaxRenderTarget.h">
      <Filter>Render\RenderTarget</Filter>
    </ClInclude>
    <ClInclude Include="JaxTexture.h">
      <Filter>Render\Texture</Filter>
    </ClInclude>
    <ClInclude Include="Jax2DTexture.h">
      <Filter>Render\Texture</Filter>
    </ClInclude>
    <ClInclude Include="JaxShader.h">
      <Filter>Render\Material\Shader</Filter>
    </ClInclude>
    <ClInclude Include="JaxResource.h">
      <Filter>Core</Filter>
    </ClInclude>
    <ClInclude Include="JaxSamplerState.h">
      <Filter>Render\RenderState</Filter>
    </ClInclude>
    <ClInclude Include="JaxTexAllState.h">
      <Filter>Render\Texture</Filter>
    </ClInclude>
    <ClInclude Include="JaxVertexFormat.h">
      <Filter>Render\Vertex</Filter>
    </ClInclude>
    <ClInclude Include="JaxDataBuffer.h">
      <Filter>Render\Vertex</Filter>
    </ClInclude>
    <ClInclude Include="JaxIndexBuffer.h">
      <Filter>Render\Vertex</Filter>
    </ClInclude>
    <ClInclude Include="JaxCamera.h">
      <Filter>Node\Component</Filter>
    </ClInclude>
    <ClInclude Include="JaxSpatial.h">
      <Filter>Render\SceneManager</Filter>
    </ClInclude>
    <ClInclude Include="JaxCuller.h">
      <Filter>Render\SceneManager</Filter>
    </ClInclude>
    <ClInclude Include="JaxGeometry.h">
      <Filter>Node</Filter>
    </ClInclude>
    <ClInclude Include="JaxMeshData.h">
      <Filter>Node\mesh</Filter>
    </ClInclude>
    <ClInclude Include="JaxVertexBuffer.h">
      <Filter>Render\Vertex</Filter>
    </ClInclude>
  </ItemGroup>
  <ItemGroup>
    <ClCompile Include="JaxReference.cpp">
      <Filter>Core</Filter>
    </ClCompile>
    <ClCompile Include="JaxObject.cpp">
      <Filter>Core</Filter>
    </ClCompile>
    <ClCompile Include="JaxRtti.cpp">
      <Filter>Core</Filter>
    </ClCompile>
    <ClCompile Include="JaxPriority.cpp">
      <Filter>Core</Filter>
    </ClCompile>
    <ClCompile Include="JaxProperty.cpp">
      <Filter>Core\Stream</Filter>
    </ClCompile>
    <ClCompile Include="JaxStream.cpp">
      <Filter>Core\Stream</Filter>
    </ClCompile>
    <ClCompile Include="JaxCustomArchiveObject.cpp">
      <Filter>Core\Stream</Filter>
    </ClCompile>
    <ClCompile Include="JaxName.cpp">
      <Filter>Core</Filter>
    </ClCompile>
    <ClCompile Include="JaxMain.cpp">
      <Filter>Core</Filter>
    </ClCompile>
    <ClCompile Include="JaxResouceManager.cpp">
      <Filter>Core</Filter>
    </ClCompile>
    <ClCompile Include="JaxBind.cpp">
      <Filter>Render</Filter>
    </ClCompile>
    <ClCompile Include="JaxRenderer.cpp">
      <Filter>Render</Filter>
    </ClCompile>
    <ClCompile Include="JaxBlendState.cpp">
      <Filter>Render\RenderState</Filter>
    </ClCompile>
    <ClCompile Include="JaxDepthStencilState.cpp">
      <Filter>Render\RenderState</Filter>
    </ClCompile>
    <ClCompile Include="JaxRasterizeState.cpp">
      <Filter>Render\RenderState</Filter>
    </ClCompile>
    <ClCompile Include="JaxTexture.cpp">
      <Filter>Render\Texture</Filter>
    </ClCompile>
    <ClCompile Include="Jax2DTexture.cpp">
      <Filter>Render\Texture</Filter>
    </ClCompile>
    <ClCompile Include="JaxResource.cpp">
      <Filter>Core</Filter>
    </ClCompile>
    <ClCompile Include="JaxVertexFormat.cpp">
      <Filter>Render\Vertex</Filter>
    </ClCompile>
    <ClCompile Include="JaxTexAllState.cpp">
      <Filter>Render\Texture</Filter>
    </ClCompile>
    <ClCompile Include="JaxSamplerState.cpp">
      <Filter>Render\RenderState</Filter>
    </ClCompile>
    <ClCompile Include="JaxDataBuffer.cpp">
      <Filter>Render\Vertex</Filter>
    </ClCompile>
    <ClCompile Include="JaxIndexBuffer.cpp">
      <Filter>Render\Vertex</Filter>
    </ClCompile>
    <ClCompile Include="JaxVertexBuffer.cpp" />
  </ItemGroup>
</Project>