<?xml version="1.0" encoding="utf-8"?>
<Project ToolsVersion="4.0" xmlns="http://schemas.microsoft.com/developer/msbuild/2003">
  <ItemGroup>
    <Filter Include="Core">
      <UniqueIdentifier>{9198d8e4-6b23-4712-ad1c-2d407eef30c4}</UniqueIdentifier>
    </Filter>
    <Filter Include="Core\Stream">
      <UniqueIdentifier>{f93f7418-1f9e-44c8-bcf5-fa055d9d33c0}</UniqueIdentifier>
    </Filter>
  </ItemGroup>
  <ItemGroup>
    <ClInclude Include="JaxReference.h">
      <Filter>Core</Filter>
    </ClInclude>
    <ClInclude Include="JaxGraphic.h">
      <Filter>Core</Filter>
    </ClInclude>
    <ClInclude Include="JaxPointer.h">
      <Filter>Core</Filter>
    </ClInclude>
    <ClInclude Include="JaxRtti.h">
      <Filter>Core</Filter>
    </ClInclude>
    <ClInclude Include="JaxObject.h">
      <Filter>Core</Filter>
    </ClInclude>
    <ClInclude Include="JaxPriority.h">
      <Filter>Core</Filter>
    </ClInclude>
    <ClInclude Include="JaxProperty.h">
      <Filter>Core\Stream</Filter>
    </ClInclude>
    <ClInclude Include="JaxName.h">
      <Filter>Core</Filter>
    </ClInclude>
    <ClInclude Include="JaxResouceManager.h">
      <Filter>Core</Filter>
    </ClInclude>
    <ClInclude Include="JaxStream.h">
      <Filter>Core\Stream</Filter>
    </ClInclude>
    <ClInclude Include="JaxType.h">
      <Filter>Core</Filter>
    </ClInclude>
    <ClInclude Include="JaxCustomArchiveObject.h">
      <Filter>Core\Stream</Filter>
    </ClInclude>
    <ClInclude Include="JaxMain.h">
      <Filter>Core</Filter>
    </ClInclude>
  </ItemGroup>
  <ItemGroup>
    <ClCompile Include="JaxReference.cpp">
      <Filter>Core</Filter>
    </ClCompile>
    <ClCompile Include="JaxObject.cpp">
      <Filter>Core</Filter>
    </ClCompile>
    <ClCompile Include="JaxRtti.cpp">
      <Filter>Core</Filter>
    </ClCompile>
    <ClCompile Include="JaxPriority.cpp">
      <Filter>Core</Filter>
    </ClCompile>
    <ClCompile Include="JaxProperty.cpp">
      <Filter>Core\Stream</Filter>
    </ClCompile>
    <ClCompile Include="JaxStream.cpp">
      <Filter>Core\Stream</Filter>
    </ClCompile>
    <ClCompile Include="JaxCustomArchiveObject.cpp">
      <Filter>Core\Stream</Filter>
    </ClCompile>
    <ClCompile Include="JaxName.cpp">
      <Filter>Core</Filter>
    </ClCompile>
    <ClCompile Include="JaxMain.cpp">
      <Filter>Core</Filter>
    </ClCompile>
    <ClCompile Include="JaxResouceManager.cpp">
      <Filter>Core</Filter>
    </ClCompile>
  </ItemGroup>
</Project>